{
    "_readme": [
        "This file locks the dependencies of your project to a known state",
        "Read more about it at https://getcomposer.org/doc/01-basic-usage.md#composer-lock-the-lock-file",
        "This file is @generated automatically"
    ],
    "hash": "6d12cf6f1b4662096a577feae9c46972",
    "content-hash": "b8d63173cf1e15f8918474b68f1eb94c",
    "packages": [
        {
            "name": "ci/restclientbundle",
            "version": "2.0.1",
            "target-dir": "Circle/RestClientBundle",
            "source": {
                "type": "git",
                "url": "https://github.com/CircleOfNice/CiRestClientBundle.git",
                "reference": "2698ad1d2e87189b536e5628127dd5b985f55a31"
            },
            "dist": {
                "type": "zip",
                "url": "https://api.github.com/repos/CircleOfNice/CiRestClientBundle/zipball/2698ad1d2e87189b536e5628127dd5b985f55a31",
                "reference": "2698ad1d2e87189b536e5628127dd5b985f55a31",
                "shasum": ""
            },
            "require-dev": {
                "ext-curl": "*",
                "php": ">=5.4",
                "symfony/config": ">=2.1",
                "symfony/dependency-injection": ">=2.1",
                "symfony/http-kernel": ">=2.1",
                "symfony/yaml": ">=2.1"
            },
            "type": "symfony-bundle",
            "extra": {
                "branch-alias": {
                    "dev-master": "1.0-dev"
                }
            },
            "autoload": {
                "psr-0": {
                    "Circle\\RestClientBundle": ""
                }
            },
            "notification-url": "https://packagist.org/downloads/",
            "license": [
                "GPL"
            ],
            "authors": [
                {
                    "name": "Circle.ai",
                    "email": "info@circle.ai"
                }
            ],
            "description": "Provides REST request methods. Mapper bundle for php internal curl library",
            "keywords": [
                "REST client curl POST GET PUT DELETE OPTIONS CONNECT PATCH TRACE HEAD content-type payload library plugin"
            ],
            "time": "2016-08-05 10:32:12"
        },
        {
            "name": "ejsmont-artur/php-circuit-breaker",
            "version": "0.1.0",
            "source": {
                "type": "git",
                "url": "https://github.com/ejsmont-artur/php-circuit-breaker.git",
                "reference": "5e63a6b8774166bf6e5a591559bf25030e8dcce7"
            },
            "dist": {
                "type": "zip",
                "url": "https://api.github.com/repos/ejsmont-artur/php-circuit-breaker/zipball/5e63a6b8774166bf6e5a591559bf25030e8dcce7",
                "reference": "5e63a6b8774166bf6e5a591559bf25030e8dcce7",
                "shasum": ""
            },
            "require": {
                "php": ">=5.3.0"
            },
            "type": "library",
            "autoload": {
                "psr-0": {
                    "Ejsmont": "src"
                }
            },
            "notification-url": "https://packagist.org/downloads/",
            "license": [
                "MIT"
            ],
            "authors": [
                {
                    "name": "Artur Ejsmont",
                    "homepage": "http://artur.ejsmont.org/blog/",
                    "role": "Developer"
                }
            ],
            "description": "PHP Circuit Breaker component",
            "homepage": "https://github.com/ejsmont-artur/php-circuit-breaker",
            "keywords": [
                "circuit breaker",
                "error handling",
                "graceful"
            ],
            "time": "2013-03-17 09:59:05"
        }
    ],
    "packages-dev": [],
    "aliases": [],
    "minimum-stability": "stable",
    "stability-flags": [],
    "prefer-stable": false,
    "prefer-lowest": false,
    "platform": [],
    "platform-dev": []
}
